// !$*UTF8*$!
{
	archiveVersion = 1;
	classes = {
	};
	objectVersion = 54;
	objects = {

/* Begin PBXBuildFile section */
		4589168827C2276A0065535B /* AppDelegate.swift in Sources */ = {isa = PBXBuildFile; fileRef = 4589168727C2276A0065535B /* AppDelegate.swift */; };
		4589168C27C2276A0065535B /* LoginViewController.swift in Sources */ = {isa = PBXBuildFile; fileRef = 4589168B27C2276A0065535B /* LoginViewController.swift */; };
		4589169127C2276D0065535B /* Assets.xcassets in Resources */ = {isa = PBXBuildFile; fileRef = 4589169027C2276D0065535B /* Assets.xcassets */; };
		4589169427C2276D0065535B /* LaunchScreen.storyboard in Resources */ = {isa = PBXBuildFile; fileRef = 4589169227C2276D0065535B /* LaunchScreen.storyboard */; };
		4589169F27C25B1B0065535B /* LoginView.swift in Sources */ = {isa = PBXBuildFile; fileRef = 4589169E27C25B1B0065535B /* LoginView.swift */; };
		458916A227C503E00065535B /* OnBoardingContainerViewController.swift in Sources */ = {isa = PBXBuildFile; fileRef = 458916A127C503E00065535B /* OnBoardingContainerViewController.swift */; };
		458916A427C50D2C0065535B /* OnBoardingViewController.swift in Sources */ = {isa = PBXBuildFile; fileRef = 458916A327C50D2C0065535B /* OnBoardingViewController.swift */; };
		458916A627CA18750065535B /* DummyViewController.swift in Sources */ = {isa = PBXBuildFile; fileRef = 458916A527CA18750065535B /* DummyViewController.swift */; };
		458916A927CA431C0065535B /* LocalData.swift in Sources */ = {isa = PBXBuildFile; fileRef = 458916A827CA431C0065535B /* LocalData.swift */; };
		458916AB27CA55090065535B /* Extension.swift in Sources */ = {isa = PBXBuildFile; fileRef = 458916AA27CA55090065535B /* Extension.swift */; };
		458916AE27CA57FC0065535B /* MainViewController.swift in Sources */ = {isa = PBXBuildFile; fileRef = 458916AD27CA57FC0065535B /* MainViewController.swift */; };
		458916B127CB936A0065535B /* AccountSummaryViewController.swift in Sources */ = {isa = PBXBuildFile; fileRef = 458916B027CB936A0065535B /* AccountSummaryViewController.swift */; };
		458916B327CB95BA0065535B /* MoveMoneyViewController.swift in Sources */ = {isa = PBXBuildFile; fileRef = 458916B227CB95BA0065535B /* MoveMoneyViewController.swift */; };
		458916B527CB95C40065535B /* MoreViewController.swift in Sources */ = {isa = PBXBuildFile; fileRef = 458916B427CB95C40065535B /* MoreViewController.swift */; };
		458916B827CB9EF90065535B /* AccountSummaryHeaderView.swift in Sources */ = {isa = PBXBuildFile; fileRef = 458916B727CB9EF90065535B /* AccountSummaryHeaderView.swift */; };
		458916BA27CB9F140065535B /* AccountSummaryHeaderView.xib in Resources */ = {isa = PBXBuildFile; fileRef = 458916B927CB9F140065535B /* AccountSummaryHeaderView.xib */; };
		86614D43B5D4BB966C37125E /* Pods_Bankey.framework in Frameworks */ = {isa = PBXBuildFile; fileRef = DA62A6DF55914ABFAA201CC4 /* Pods_Bankey.framework */; };
/* End PBXBuildFile section */

/* Begin PBXFileReference section */
		4589168427C2276A0065535B /* Bankey.app */ = {isa = PBXFileReference; explicitFileType = wrapper.application; includeInIndex = 0; path = Bankey.app; sourceTree = BUILT_PRODUCTS_DIR; };
		4589168727C2276A0065535B /* AppDelegate.swift */ = {isa = PBXFileReference; lastKnownFileType = sourcecode.swift; path = AppDelegate.swift; sourceTree = "<group>"; };
		4589168B27C2276A0065535B /* LoginViewController.swift */ = {isa = PBXFileReference; lastKnownFileType = sourcecode.swift; path = LoginViewController.swift; sourceTree = "<group>"; };
		4589169027C2276D0065535B /* Assets.xcassets */ = {isa = PBXFileReference; lastKnownFileType = folder.assetcatalog; path = Assets.xcassets; sourceTree = "<group>"; };
		4589169327C2276D0065535B /* Base */ = {isa = PBXFileReference; lastKnownFileType = file.storyboard; name = Base; path = Base.lproj/LaunchScreen.storyboard; sourceTree = "<group>"; };
		4589169527C2276D0065535B /* Info.plist */ = {isa = PBXFileReference; lastKnownFileType = text.plist.xml; path = Info.plist; sourceTree = "<group>"; };
		4589169E27C25B1B0065535B /* LoginView.swift */ = {isa = PBXFileReference; lastKnownFileType = sourcecode.swift; path = LoginView.swift; sourceTree = "<group>"; };
		458916A127C503E00065535B /* OnBoardingContainerViewController.swift */ = {isa = PBXFileReference; lastKnownFileType = sourcecode.swift; path = OnBoardingContainerViewController.swift; sourceTree = "<group>"; };
		458916A327C50D2C0065535B /* OnBoardingViewController.swift */ = {isa = PBXFileReference; lastKnownFileType = sourcecode.swift; path = OnBoardingViewController.swift; sourceTree = "<group>"; };
		458916A527CA18750065535B /* DummyViewController.swift */ = {isa = PBXFileReference; lastKnownFileType = sourcecode.swift; path = DummyViewController.swift; sourceTree = "<group>"; };
		458916A827CA431C0065535B /* LocalData.swift */ = {isa = PBXFileReference; lastKnownFileType = sourcecode.swift; path = LocalData.swift; sourceTree = "<group>"; };
		458916AA27CA55090065535B /* Extension.swift */ = {isa = PBXFileReference; lastKnownFileType = sourcecode.swift; path = Extension.swift; sourceTree = "<group>"; };
		458916AD27CA57FC0065535B /* MainViewController.swift */ = {isa = PBXFileReference; lastKnownFileType = sourcecode.swift; path = MainViewController.swift; sourceTree = "<group>"; };
		458916B027CB936A0065535B /* AccountSummaryViewController.swift */ = {isa = PBXFileReference; lastKnownFileType = sourcecode.swift; path = AccountSummaryViewController.swift; sourceTree = "<group>"; };
		458916B227CB95BA0065535B /* MoveMoneyViewController.swift */ = {isa = PBXFileReference; lastKnownFileType = sourcecode.swift; path = MoveMoneyViewController.swift; sourceTree = "<group>"; };
		458916B427CB95C40065535B /* MoreViewController.swift */ = {isa = PBXFileReference; lastKnownFileType = sourcecode.swift; path = MoreViewController.swift; sourceTree = "<group>"; };
		458916B727CB9EF90065535B /* AccountSummaryHeaderView.swift */ = {isa = PBXFileReference; lastKnownFileType = sourcecode.swift; path = AccountSummaryHeaderView.swift; sourceTree = "<group>"; };
		458916B927CB9F140065535B /* AccountSummaryHeaderView.xib */ = {isa = PBXFileReference; lastKnownFileType = file.xib; path = AccountSummaryHeaderView.xib; sourceTree = "<group>"; };
		ACC72C501BD1BBCF0F7C96B6 /* Pods-Bankey.release.xcconfig */ = {isa = PBXFileReference; includeInIndex = 1; lastKnownFileType = text.xcconfig; name = "Pods-Bankey.release.xcconfig"; path = "Target Support Files/Pods-Bankey/Pods-Bankey.release.xcconfig"; sourceTree = "<group>"; };
		DA62A6DF55914ABFAA201CC4 /* Pods_Bankey.framework */ = {isa = PBXFileReference; explicitFileType = wrapper.framework; includeInIndex = 0; path = Pods_Bankey.framework; sourceTree = BUILT_PRODUCTS_DIR; };
		E0DAA53B6C165232D7AE3017 /* Pods-Bankey.debug.xcconfig */ = {isa = PBXFileReference; includeInIndex = 1; lastKnownFileType = text.xcconfig; name = "Pods-Bankey.debug.xcconfig"; path = "Target Support Files/Pods-Bankey/Pods-Bankey.debug.xcconfig"; sourceTree = "<group>"; };
/* End PBXFileReference section */

/* Begin PBXFrameworksBuildPhase section */
		4589168127C2276A0065535B /* Frameworks */ = {
			isa = PBXFrameworksBuildPhase;
			buildActionMask = 2147483647;
			files = (
				86614D43B5D4BB966C37125E /* Pods_Bankey.framework in Frameworks */,
			);
			runOnlyForDeploymentPostprocessing = 0;
		};
/* End PBXFrameworksBuildPhase section */

/* Begin PBXGroup section */
		4589167B27C2276A0065535B = {
			isa = PBXGroup;
			children = (
				4589168627C2276A0065535B /* Bankey */,
				4589168527C2276A0065535B /* Products */,
				8D99E0785534615BF9D58B85 /* Pods */,
				4B5ED7025FF3FC247D59721D /* Frameworks */,
			);
			sourceTree = "<group>";
		};
		4589168527C2276A0065535B /* Products */ = {
			isa = PBXGroup;
			children = (
				4589168427C2276A0065535B /* Bankey.app */,
			);
			name = Products;
			sourceTree = "<group>";
		};
		4589168627C2276A0065535B /* Bankey */ = {
			isa = PBXGroup;
			children = (
				4589168727C2276A0065535B /* AppDelegate.swift */,
				4589169C27C25A9C0065535B /* Files */,
				4589169D27C25AFD0065535B /* Login */,
				458916A027C5036A0065535B /* OnBoarding */,
				458916A727CA42E60065535B /* Util */,
			);
			path = Bankey;
			sourceTree = "<group>";
		};
		4589169C27C25A9C0065535B /* Files */ = {
			isa = PBXGroup;
			children = (
				4589169027C2276D0065535B /* Assets.xcassets */,
				4589169227C2276D0065535B /* LaunchScreen.storyboard */,
				4589169527C2276D0065535B /* Info.plist */,
			);
			name = Files;
			sourceTree = "<group>";
		};
		4589169D27C25AFD0065535B /* Login */ = {
			isa = PBXGroup;
			children = (
				4589168B27C2276A0065535B /* LoginViewController.swift */,
				4589169E27C25B1B0065535B /* LoginView.swift */,
				458916A527CA18750065535B /* DummyViewController.swift */,
			);
			name = Login;
			sourceTree = "<group>";
		};
		458916A027C5036A0065535B /* OnBoarding */ = {
			isa = PBXGroup;
			children = (
				458916A127C503E00065535B /* OnBoardingContainerViewController.swift */,
				458916A327C50D2C0065535B /* OnBoardingViewController.swift */,
				458916AC27CA57D50065535B /* MainView */,
			);
			path = OnBoarding;
			sourceTree = "<group>";
		};
		458916A727CA42E60065535B /* Util */ = {
			isa = PBXGroup;
			children = (
				458916A827CA431C0065535B /* LocalData.swift */,
				458916AA27CA55090065535B /* Extension.swift */,
			);
			name = Util;
			sourceTree = "<group>";
		};
		458916AC27CA57D50065535B /* MainView */ = {
			isa = PBXGroup;
			children = (
				458916AD27CA57FC0065535B /* MainViewController.swift */,
				458916B627CB9E950065535B /* TableViewCell */,
				458916AF27CB934D0065535B /* ViewControllers */,
			);
			name = MainView;
			path = ..;
			sourceTree = "<group>";
		};
		458916AF27CB934D0065535B /* ViewControllers */ = {
			isa = PBXGroup;
			children = (
				458916B027CB936A0065535B /* AccountSummaryViewController.swift */,
				458916B227CB95BA0065535B /* MoveMoneyViewController.swift */,
				458916B427CB95C40065535B /* MoreViewController.swift */,
			);
			name = ViewControllers;
			sourceTree = "<group>";
		};
		458916B627CB9E950065535B /* TableViewCell */ = {
			isa = PBXGroup;
			children = (
				458916B727CB9EF90065535B /* AccountSummaryHeaderView.swift */,
				458916B927CB9F140065535B /* AccountSummaryHeaderView.xib */,
			);
			name = TableViewCell;
			sourceTree = "<group>";
		};
		4B5ED7025FF3FC247D59721D /* Frameworks */ = {
			isa = PBXGroup;
			children = (
				DA62A6DF55914ABFAA201CC4 /* Pods_Bankey.framework */,
			);
			name = Frameworks;
			sourceTree = "<group>";
		};
		8D99E0785534615BF9D58B85 /* Pods */ = {
			isa = PBXGroup;
			children = (
				E0DAA53B6C165232D7AE3017 /* Pods-Bankey.debug.xcconfig */,
				ACC72C501BD1BBCF0F7C96B6 /* Pods-Bankey.release.xcconfig */,
			);
			path = Pods;
			sourceTree = "<group>";
		};
/* End PBXGroup section */

/* Begin PBXNativeTarget section */
		4589168327C2276A0065535B /* Bankey */ = {
			isa = PBXNativeTarget;
			buildConfigurationList = 4589169827C2276D0065535B /* Build configuration list for PBXNativeTarget "Bankey" */;
			buildPhases = (
				9C70520F45E15D48D7CD2168 /* [CP] Check Pods Manifest.lock */,
				4589168027C2276A0065535B /* Sources */,
				4589168127C2276A0065535B /* Frameworks */,
				4589168227C2276A0065535B /* Resources */,
				9CC64172638CC5FDF3DAA196 /* [CP] Embed Pods Frameworks */,
			);
			buildRules = (
			);
			dependencies = (
			);
			name = Bankey;
			productName = Bankey;
			productReference = 4589168427C2276A0065535B /* Bankey.app */;
			productType = "com.apple.product-type.application";
		};
/* End PBXNativeTarget section */

/* Begin PBXProject section */
		4589167C27C2276A0065535B /* Project object */ = {
			isa = PBXProject;
			attributes = {
				BuildIndependentTargetsInParallel = 1;
				LastSwiftUpdateCheck = 1320;
				LastUpgradeCheck = 1320;
				TargetAttributes = {
					4589168327C2276A0065535B = {
						CreatedOnToolsVersion = 13.2.1;
					};
				};
			};
			buildConfigurationList = 4589167F27C2276A0065535B /* Build configuration list for PBXProject "Bankey" */;
			compatibilityVersion = "Xcode 12.0";
			developmentRegion = en;
			hasScannedForEncodings = 0;
			knownRegions = (
				en,
				Base,
			);
			mainGroup = 4589167B27C2276A0065535B;
			productRefGroup = 4589168527C2276A0065535B /* Products */;
			projectDirPath = "";
			projectRoot = "";
			targets = (
				4589168327C2276A0065535B /* Bankey */,
			);
		};
/* End PBXProject section */

/* Begin PBXResourcesBuildPhase section */
		4589168227C2276A0065535B /* Resources */ = {
			isa = PBXResourcesBuildPhase;
			buildActionMask = 2147483647;
			files = (
				458916BA27CB9F140065535B /* AccountSummaryHeaderView.xib in Resources */,
				4589169427C2276D0065535B /* LaunchScreen.storyboard in Resources */,
				4589169127C2276D0065535B /* Assets.xcassets in Resources */,
			);
			runOnlyForDeploymentPostprocessing = 0;
		};
/* End PBXResourcesBuildPhase section */

/* Begin PBXShellScriptBuildPhase section */
		9C70520F45E15D48D7CD2168 /* [CP] Check Pods Manifest.lock */ = {
			isa = PBXShellScriptBuildPhase;
			buildActionMask = 2147483647;
			files = (
			);
			inputFileListPaths = (
			);
			inputPaths = (
				"${PODS_PODFILE_DIR_PATH}/Podfile.lock",
				"${PODS_ROOT}/Manifest.lock",
			);
			name = "[CP] Check Pods Manifest.lock";
			outputFileListPaths = (
			);
			outputPaths = (
				"$(DERIVED_FILE_DIR)/Pods-Bankey-checkManifestLockResult.txt",
			);
			runOnlyForDeploymentPostprocessing = 0;
			shellPath = /bin/sh;
			shellScript = "diff \"${PODS_PODFILE_DIR_PATH}/Podfile.lock\" \"${PODS_ROOT}/Manifest.lock\" > /dev/null\nif [ $? != 0 ] ; then\n    # print error to STDERR\n    echo \"error: The sandbox is not in sync with the Podfile.lock. Run 'pod install' or update your CocoaPods installation.\" >&2\n    exit 1\nfi\n# This output is used by Xcode 'outputs' to avoid re-running this script phase.\necho \"SUCCESS\" > \"${SCRIPT_OUTPUT_FILE_0}\"\n";
			showEnvVarsInLog = 0;
		};
		9CC64172638CC5FDF3DAA196 /* [CP] Embed Pods Frameworks */ = {
			isa = PBXShellScriptBuildPhase;
			buildActionMask = 2147483647;
			files = (
			);
			inputFileListPaths = (
				"${PODS_ROOT}/Target Support Files/Pods-Bankey/Pods-Bankey-frameworks-${CONFIGURATION}-input-files.xcfilelist",
			);
			name = "[CP] Embed Pods Frameworks";
			outputFileListPaths = (
				"${PODS_ROOT}/Target Support Files/Pods-Bankey/Pods-Bankey-frameworks-${CONFIGURATION}-output-files.xcfilelist",
			);
			runOnlyForDeploymentPostprocessing = 0;
			shellPath = /bin/sh;
			shellScript = "\"${PODS_ROOT}/Target Support Files/Pods-Bankey/Pods-Bankey-frameworks.sh\"\n";
			showEnvVarsInLog = 0;
		};
/* End PBXShellScriptBuildPhase section */

/* Begin PBXSourcesBuildPhase section */
		4589168027C2276A0065535B /* Sources */ = {
			isa = PBXSourcesBuildPhase;
			buildActionMask = 2147483647;
			files = (
				458916B827CB9EF90065535B /* AccountSummaryHeaderView.swift in Sources */,
				4589169F27C25B1B0065535B /* LoginView.swift in Sources */,
				458916A627CA18750065535B /* DummyViewController.swift in Sources */,
				4589168C27C2276A0065535B /* LoginViewController.swift in Sources */,
				458916AB27CA55090065535B /* Extension.swift in Sources */,
				4589168827C2276A0065535B /* AppDelegate.swift in Sources */,
				458916A227C503E00065535B /* OnBoardingContainerViewController.swift in Sources */,
				458916AE27CA57FC0065535B /* MainViewController.swift in Sources */,
				458916B327CB95BA0065535B /* MoveMoneyViewController.swift in Sources */,
				458916B127CB936A0065535B /* AccountSummaryViewController.swift in Sources */,
				458916B527CB95C40065535B /* MoreViewController.swift in Sources */,
				458916A427C50D2C0065535B /* OnBoardingViewController.swift in Sources */,
				458916A927CA431C0065535B /* LocalData.swift in Sources */,
			);
			runOnlyForDeploymentPostprocessing = 0;
		};
/* End PBXSourcesBuildPhase section */

/* Begin PBXVariantGroup section */
		4589169227C2276D0065535B /* LaunchScreen.storyboard */ = {
			isa = PBXVariantGroup;
			children = (
				4589169327C2276D0065535B /* Base */,
			);
			name = LaunchScreen.storyboard;
			sourceTree = "<group>";
		};
/* End PBXVariantGroup section */

/* Begin XCBuildConfiguration section */
		4589169627C2276D0065535B /* Debug */ = {
			isa = XCBuildConfiguration;
			buildSettings = {
				ALWAYS_SEARCH_USER_PATHS = NO;
				CLANG_ANALYZER_NONNULL = YES;
				CLANG_ANALYZER_NUMBER_OBJECT_CONVERSION = YES_AGGRESSIVE;
				CLANG_CXX_LANGUAGE_STANDARD = "gnu++17";
				CLANG_CXX_LIBRARY = "libc++";
				CLANG_ENABLE_MODULES = YES;
				CLANG_ENABLE_OBJC_ARC = YES;
				CLANG_ENABLE_OBJC_WEAK = YES;
				CLANG_WARN_BLOCK_CAPTURE_AUTORELEASING = YES;
				CLANG_WARN_BOOL_CONVERSION = YES;
				CLANG_WARN_COMMA = YES;
				CLANG_WARN_CONSTANT_CONVERSION = YES;
				CLANG_WARN_DEPRECATED_OBJC_IMPLEMENTATIONS = YES;
				CLANG_WARN_DIRECT_OBJC_ISA_USAGE = YES_ERROR;
				CLANG_WARN_DOCUMENTATION_COMMENTS = YES;
				CLANG_WARN_EMPTY_BODY = YES;
				CLANG_WARN_ENUM_CONVERSION = YES;
				CLANG_WARN_INFINITE_RECURSION = YES;
				CLANG_WARN_INT_CONVERSION = YES;
				CLANG_WARN_NON_LITERAL_NULL_CONVERSION = YES;
				CLANG_WARN_OBJC_IMPLICIT_RETAIN_SELF = YES;
				CLANG_WARN_OBJC_LITERAL_CONVERSION = YES;
				CLANG_WARN_OBJC_ROOT_CLASS = YES_ERROR;
				CLANG_WARN_QUOTED_INCLUDE_IN_FRAMEWORK_HEADER = YES;
				CLANG_WARN_RANGE_LOOP_ANALYSIS = YES;
				CLANG_WARN_STRICT_PROTOTYPES = YES;
				CLANG_WARN_SUSPICIOUS_MOVE = YES;
				CLANG_WARN_UNGUARDED_AVAILABILITY = YES_AGGRESSIVE;
				CLANG_WARN_UNREACHABLE_CODE = YES;
				CLANG_WARN__DUPLICATE_METHOD_MATCH = YES;
				COPY_PHASE_STRIP = NO;
				DEBUG_INFORMATION_FORMAT = dwarf;
				ENABLE_STRICT_OBJC_MSGSEND = YES;
				ENABLE_TESTABILITY = YES;
				GCC_C_LANGUAGE_STANDARD = gnu11;
				GCC_DYNAMIC_NO_PIC = NO;
				GCC_NO_COMMON_BLOCKS = YES;
				GCC_OPTIMIZATION_LEVEL = 0;
				GCC_PREPROCESSOR_DEFINITIONS = (
					"DEBUG=1",
					"$(inherited)",
				);
				GCC_WARN_64_TO_32_BIT_CONVERSION = YES;
				GCC_WARN_ABOUT_RETURN_TYPE = YES_ERROR;
				GCC_WARN_UNDECLARED_SELECTOR = YES;
				GCC_WARN_UNINITIALIZED_AUTOS = YES_AGGRESSIVE;
				GCC_WARN_UNUSED_FUNCTION = YES;
				GCC_WARN_UNUSED_VARIABLE = YES;
				IPHONEOS_DEPLOYMENT_TARGET = 15.2;
				MTL_ENABLE_DEBUG_INFO = INCLUDE_SOURCE;
				MTL_FAST_MATH = YES;
				ONLY_ACTIVE_ARCH = YES;
				SDKROOT = iphoneos;
				SWIFT_ACTIVE_COMPILATION_CONDITIONS = DEBUG;
				SWIFT_OPTIMIZATION_LEVEL = "-Onone";
			};
			name = Debug;
		};
		4589169727C2276D0065535B /* Release */ = {
			isa = XCBuildConfiguration;
			buildSettings = {
				ALWAYS_SEARCH_USER_PATHS = NO;
				CLANG_ANALYZER_NONNULL = YES;
				CLANG_ANALYZER_NUMBER_OBJECT_CONVERSION = YES_AGGRESSIVE;
				CLANG_CXX_LANGUAGE_STANDARD = "gnu++17";
				CLANG_CXX_LIBRARY = "libc++";
				CLANG_ENABLE_MODULES = YES;
				CLANG_ENABLE_OBJC_ARC = YES;
				CLANG_ENABLE_OBJC_WEAK = YES;
				CLANG_WARN_BLOCK_CAPTURE_AUTORELEASING = YES;
				CLANG_WARN_BOOL_CONVERSION = YES;
				CLANG_WARN_COMMA = YES;
				CLANG_WARN_CONSTANT_CONVERSION = YES;
				CLANG_WARN_DEPRECATED_OBJC_IMPLEMENTATIONS = YES;
				CLANG_WARN_DIRECT_OBJC_ISA_USAGE = YES_ERROR;
				CLANG_WARN_DOCUMENTATION_COMMENTS = YES;
				CLANG_WARN_EMPTY_BODY = YES;
				CLANG_WARN_ENUM_CONVERSION = YES;
				CLANG_WARN_INFINITE_RECURSION = YES;
				CLANG_WARN_INT_CONVERSION = YES;
				CLANG_WARN_NON_LITERAL_NULL_CONVERSION = YES;
				CLANG_WARN_OBJC_IMPLICIT_RETAIN_SELF = YES;
				CLANG_WARN_OBJC_LITERAL_CONVERSION = YES;
				CLANG_WARN_OBJC_ROOT_CLASS = YES_ERROR;
				CLANG_WARN_QUOTED_INCLUDE_IN_FRAMEWORK_HEADER = YES;
				CLANG_WARN_RANGE_LOOP_ANALYSIS = YES;
				CLANG_WARN_STRICT_PROTOTYPES = YES;
				CLANG_WARN_SUSPICIOUS_MOVE = YES;
				CLANG_WARN_UNGUARDED_AVAILABILITY = YES_AGGRESSIVE;
				CLANG_WARN_UNREACHABLE_CODE = YES;
				CLANG_WARN__DUPLICATE_METHOD_MATCH = YES;
				COPY_PHASE_STRIP = NO;
				DEBUG_INFORMATION_FORMAT = "dwarf-with-dsym";
				ENABLE_NS_ASSERTIONS = NO;
				ENABLE_STRICT_OBJC_MSGSEND = YES;
				GCC_C_LANGUAGE_STANDARD = gnu11;
				GCC_NO_COMMON_BLOCKS = YES;
				GCC_WARN_64_TO_32_BIT_CONVERSION = YES;
				GCC_WARN_ABOUT_RETURN_TYPE = YES_ERROR;
				GCC_WARN_UNDECLARED_SELECTOR = YES;
				GCC_WARN_UNINITIALIZED_AUTOS = YES_AGGRESSIVE;
				GCC_WARN_UNUSED_FUNCTION = YES;
				GCC_WARN_UNUSED_VARIABLE = YES;
				IPHONEOS_DEPLOYMENT_TARGET = 15.2;
				MTL_ENABLE_DEBUG_INFO = NO;
				MTL_FAST_MATH = YES;
				SDKROOT = iphoneos;
				SWIFT_COMPILATION_MODE = wholemodule;
				SWIFT_OPTIMIZATION_LEVEL = "-O";
				VALIDATE_PRODUCT = YES;
			};
			name = Release;
		};
		4589169927C2276D0065535B /* Debug */ = {
			isa = XCBuildConfiguration;
			baseConfigurationReference = E0DAA53B6C165232D7AE3017 /* Pods-Bankey.debug.xcconfig */;
			buildSettings = {
				ASSETCATALOG_COMPILER_APPICON_NAME = AppIcon;
				ASSETCATALOG_COMPILER_GLOBAL_ACCENT_COLOR_NAME = AccentColor;
				CODE_SIGN_STYLE = Automatic;
				CURRENT_PROJECT_VERSION = 1;
				DEVELOPMENT_TEAM = 433LH3TNXX;
				GENERATE_INFOPLIST_FILE = YES;
				INFOPLIST_FILE = Bankey/Info.plist;
				INFOPLIST_KEY_UIApplicationSupportsIndirectInputEvents = YES;
				INFOPLIST_KEY_UILaunchStoryboardName = LaunchScreen;
				INFOPLIST_KEY_UISupportedInterfaceOrientations_iPad = "UIInterfaceOrientationPortrait UIInterfaceOrientationPortraitUpsideDown UIInterfaceOrientationLandscapeLeft UIInterfaceOrientationLandscapeRight";
				INFOPLIST_KEY_UISupportedInterfaceOrientations_iPhone = "UIInterfaceOrientationPortrait UIInterfaceOrientationLandscapeLeft UIInterfaceOrientationLandscapeRight";
				IPHONEOS_DEPLOYMENT_TARGET = 15.0;
				LD_RUNPATH_SEARCH_PATHS = (
					"$(inherited)",
					"@executable_path/Frameworks",
				);
				MARKETING_VERSION = 1.0;
				PRODUCT_BUNDLE_IDENTIFIER = com.yeonBlue.Bankey;
				PRODUCT_NAME = "$(TARGET_NAME)";
				SWIFT_EMIT_LOC_STRINGS = YES;
				SWIFT_VERSION = 5.0;
				TARGETED_DEVICE_FAMILY = "1,2";
			};
			name = Debug;
		};
		4589169A27C2276D0065535B /* Release */ = {
			isa = XCBuildConfiguration;
			baseConfigurationReference = ACC72C501BD1BBCF0F7C96B6 /* Pods-Bankey.release.xcconfig */;
			buildSettings = {
				ASSETCATALOG_COMPILER_APPICON_NAME = AppIcon;
				ASSETCATALOG_COMPILER_GLOBAL_ACCENT_COLOR_NAME = AccentColor;
				CODE_SIGN_STYLE = Automatic;
				CURRENT_PROJECT_VERSION = 1;
				DEVELOPMENT_TEAM = 433LH3TNXX;
				GENERATE_INFOPLIST_FILE = YES;
				INFOPLIST_FILE = Bankey/Info.plist;
				INFOPLIST_KEY_UIApplicationSupportsIndirectInputEvents = YES;
				INFOPLIST_KEY_UILaunchStoryboardName = LaunchScreen;
				INFOPLIST_KEY_UISupportedInterfaceOrientations_iPad = "UIInterfaceOrientationPortrait UIInterfaceOrientationPortraitUpsideDown UIInterfaceOrientationLandscapeLeft UIInterfaceOrientationLandscapeRight";
				INFOPLIST_KEY_UISupportedInterfaceOrientations_iPhone = "UIInterfaceOrientationPortrait UIInterfaceOrientationLandscapeLeft UIInterfaceOrientationLandscapeRight";
				IPHONEOS_DEPLOYMENT_TARGET = 15.0;
				LD_RUNPATH_SEARCH_PATHS = (
					"$(inherited)",
					"@executable_path/Frameworks",
				);
				MARKETING_VERSION = 1.0;
				PRODUCT_BUNDLE_IDENTIFIER = com.yeonBlue.Bankey;
				PRODUCT_NAME = "$(TARGET_NAME)";
				SWIFT_EMIT_LOC_STRINGS = YES;
				SWIFT_VERSION = 5.0;
				TARGETED_DEVICE_FAMILY = "1,2";
			};
			name = Release;
		};
/* End XCBuildConfiguration section */

/* Begin XCConfigurationList section */
		4589167F27C2276A0065535B /* Build configuration list for PBXProject "Bankey" */ = {
			isa = XCConfigurationList;
			buildConfigurations = (
				4589169627C2276D0065535B /* Debug */,
				4589169727C2276D0065535B /* Release */,
			);
			defaultConfigurationIsVisible = 0;
			defaultConfigurationName = Release;
		};
		4589169827C2276D0065535B /* Build configuration list for PBXNativeTarget "Bankey" */ = {
			isa = XCConfigurationList;
			buildConfigurations = (
				4589169927C2276D0065535B /* Debug */,
				4589169A27C2276D0065535B /* Release */,
			);
			defaultConfigurationIsVisible = 0;
			defaultConfigurationName = Release;
		};
/* End XCConfigurationList section */
	};
	rootObject = 4589167C27C2276A0065535B /* Project object */;
}
